
Microsoft Visual Studio Solution File, Format Version 12.00
# Visual Studio Version 16
VisualStudioVersion = 16.0.31005.135
MinimumVisualStudioVersion = 10.0.40219.1
Project("{FAE04EC0-301F-11D3-BF4B-00C04F79EFBC}") = "Imap", "Imap\Imap.csproj", "{6D85F73D-0F49-4F99-906B-AD824A56DE86}"
EndProject
Project("{FAE04EC0-301F-11D3-BF4B-00C04F79EFBC}") = "ImapConsoleClient", "ImapConsoleClient\ImapConsoleClient.csproj", "{E5915C9D-97A7-4A2E-9F78-8739DD6771F6}"
EndProject
Global
	GlobalSection(SolutionConfigurationPlatforms) = preSolution
		Debug|Any CPU = Debug|Any CPU
		Release|Any CPU = Release|Any CPU
	EndGlobalSection
	GlobalSection(ProjectConfigurationPlatforms) = postSolution
		{6D85F73D-0F49-4F99-906B-AD824A56DE86}.Debug|Any CPU.ActiveCfg = Debug|Any CPU
		{6D85F73D-0F49-4F99-906B-AD824A56DE86}.Debug|Any CPU.Build.0 = Debug|Any CPU
		{6D85F73D-0F49-4F99-906B-AD824A56DE86}.Release|Any CPU.ActiveCfg = Release|Any CPU
		{6D85F73D-0F49-4F99-906B-AD824A56DE86}.Release|Any CPU.Build.0 = Release|Any CPU
		{E5915C9D-97A7-4A2E-9F78-8739DD6771F6}.Debug|Any CPU.ActiveCfg = Debug|Any CPU
		{E5915C9D-97A7-4A2E-9F78-8739DD6771F6}.Debug|Any CPU.Build.0 = Debug|Any CPU
		{E5915C9D-97A7-4A2E-9F78-8739DD6771F6}.Release|Any CPU.ActiveCfg = Release|Any CPU
		{E5915C9D-97A7-4A2E-9F78-8739DD6771F6}.Release|Any CPU.Build.0 = Release|Any CPU
	EndGlobalSection
	GlobalSection(SolutionProperties) = preSolution
		HideSolutionNode = FALSE
	EndGlobalSection
	GlobalSection(ExtensibilityGlobals) = postSolution
		SolutionGuid = {97994D62-DB1B-4671-9E1C-C5BCBE397B44}
	EndGlobalSection
EndGlobal
